
Microsoft Visual Studio Solution File, Format Version 12.00
# Visual Studio Version 17
VisualStudioVersion = 17.1.32228.430
MinimumVisualStudioVersion = 10.0.40219.1
Project("{FAE04EC0-301F-11D3-BF4B-00C04F79EFBC}") = "DisconnectedEnvironment", "DisconnectedEnvironment\DisconnectedEnvironment.csproj", "{7754A4AD-6569-4BAB-9BB6-021040B61C30}"
EndProject
Global
	GlobalSection(SolutionConfigurationPlatforms) = preSolution
		Debug|Any CPU = Debug|Any CPU
		Release|Any CPU = Release|Any CPU
	EndGlobalSection
	GlobalSection(ProjectConfigurationPlatforms) = postSolution
		{7754A4AD-6569-4BAB-9BB6-021040B61C30}.Debug|Any CPU.ActiveCfg = Debug|Any CPU
		{7754A4AD-6569-4BAB-9BB6-021040B61C30}.Debug|Any CPU.Build.0 = Debug|Any CPU
		{7754A4AD-6569-4BAB-9BB6-021040B61C30}.Release|Any CPU.ActiveCfg = Release|Any CPU
		{7754A4AD-6569-4BAB-9BB6-021040B61C30}.Release|Any CPU.Build.0 = Release|Any CPU
	EndGlobalSection
	GlobalSection(SolutionProperties) = preSolution
		HideSolutionNode = FALSE
	EndGlobalSection
	GlobalSection(ExtensibilityGlobals) = postSolution
		SolutionGuid = {F7213214-EE30-452D-8A26-149A89F75D18}
	EndGlobalSection
EndGlobal
